{
  "originHash" : "ccd34ada13ee665b39bbefdacac05333451f8f2b74b91cb51bcc75e3ad3e02d1",
  "pins" : [
    {
      "identity" : "capacitor-swift-pm",
      "kind" : "remoteSourceControl",
      "location" : "https://github.com/ionic-team/capacitor-swift-pm.git",
      "state" : {
        "revision" : "ba301d2c37bc6d9a67978f81d312597243ab61af",
        "version" : "8.3.2"
      }
    }
  ],
  "version" : 3
}
